<?xml version="1.0" encoding="UTF-8" standalone="yes" ?>
<CodeBlocks_project_file>
	<FileVersion major="1" minor="6" />
	<Project>
		<Option title="decodeur_jpeg_Xtreme" />
		<Option pch_mode="2" />
		<Option compiler="gcc" />
		<Build>
			<Target title="all">
				<Option output="bin/Release/decodeur_jpeg_Xtreme" prefix_auto="1" extension_auto="1" />
				<Option object_output="obj/Release/" />
				<Option type="1" />
				<Option compiler="gcc" />
				<Compiler>
					<Add option="-O2" />
				</Compiler>
				<Linker>
					<Add option="-s" />
				</Linker>
			</Target>
		</Build>
		<Compiler>
			<Add option="-Wall" />
		</Compiler>
		<Unit filename="common_jpeg.h" />
		<Unit filename="error.h" />
		<Unit filename="file_io.c">
			<Option compilerVar="CC" />
		</Unit>
		<Unit filename="file_io.h" />
		<Unit filename="jpeg_8x8_block.h" />
		<Unit filename="jpeg_data_stream.h" />
		<Unit filename="jpeg_header_parser.c">
			<Option compilerVar="CC" />
		</Unit>
		<Unit filename="jpeg_header_parser.h" />
		<Unit filename="main.c">
			<Option compilerVar="CC" />
		</Unit>
		<Extensions>
			<code_completion />
			<envvars />
			<debugger />
			<lib_finder disable_auto="1" />
		</Extensions>
	</Project>
</CodeBlocks_project_file>
